// !$*UTF8*$!
{
	archiveVersion = 1;
	classes = {
	};
	objectVersion = 56;
	objects = {

/* Begin PBXBuildFile section */
		F47602202E379E2D005A53E8 /* AppDelegate.swift in Sources */ = {isa = PBXBuildFile; fileRef = F476021F2E379E2D005A53E8 /* AppDelegate.swift */; };
		F47602222E379E2D005A53E8 /* SceneDelegate.swift in Sources */ = {isa = PBXBuildFile; fileRef = F47602212E379E2D005A53E8 /* SceneDelegate.swift */; };
		F47602242E379E2D005A53E8 /* TabBarController.swift in Sources */ = {isa = PBXBuildFile; fileRef = F47602232E379E2D005A53E8 /* TabBarController.swift */; };
		F47602292E379E30005A53E8 /* Assets.xcassets in Resources */ = {isa = PBXBuildFile; fileRef = F47602282E379E30005A53E8 /* Assets.xcassets */; };
		F476022C2E379E30005A53E8 /* LaunchScreen.storyboard in Resources */ = {isa = PBXBuildFile; fileRef = F476022A2E379E30005A53E8 /* LaunchScreen.storyboard */; };
		F476023B2E37A6B6005A53E8 /* StatisticsViewController.swift in Sources */ = {isa = PBXBuildFile; fileRef = F476023A2E37A6B6005A53E8 /* StatisticsViewController.swift */; };
		F476023E2E37B4D8005A53E8 /* Tracker.swift in Sources */ = {isa = PBXBuildFile; fileRef = F476023D2E37B4D8005A53E8 /* Tracker.swift */; };
		F47602402E37B4E5005A53E8 /* TrackerCategory.swift in Sources */ = {isa = PBXBuildFile; fileRef = F476023F2E37B4E5005A53E8 /* TrackerCategory.swift */; };
		F47602422E37B4EE005A53E8 /* TrackerRecord.swift in Sources */ = {isa = PBXBuildFile; fileRef = F47602412E37B4EE005A53E8 /* TrackerRecord.swift */; };
		F47602442E37B4F7005A53E8 /* Weekdays.swift in Sources */ = {isa = PBXBuildFile; fileRef = F47602432E37B4F7005A53E8 /* Weekdays.swift */; };
		F476024D2E3BA350005A53E8 /* Date+Extensions.swift in Sources */ = {isa = PBXBuildFile; fileRef = F476024C2E3BA350005A53E8 /* Date+Extensions.swift */; };
		F47602502E3CCBD0005A53E8 /* UIColor+Extensions.swift in Sources */ = {isa = PBXBuildFile; fileRef = F476024F2E3CCBD0005A53E8 /* UIColor+Extensions.swift */; };
		F47602522E3CCDE6005A53E8 /* UITextField+Extensions.swift in Sources */ = {isa = PBXBuildFile; fileRef = F47602512E3CCDE6005A53E8 /* UITextField+Extensions.swift */; };
		F47602542E3CCED5005A53E8 /* TrackerInfoCell.swift in Sources */ = {isa = PBXBuildFile; fileRef = F47602532E3CCED5005A53E8 /* TrackerInfoCell.swift */; };
		F47602562E3CD187005A53E8 /* PlaceHolderView.swift in Sources */ = {isa = PBXBuildFile; fileRef = F47602552E3CD187005A53E8 /* PlaceHolderView.swift */; };
		F47602592E3CD1CE005A53E8 /* ScheduleProtocol.swift in Sources */ = {isa = PBXBuildFile; fileRef = F47602582E3CD1CE005A53E8 /* ScheduleProtocol.swift */; };
		F476025B2E3CD1E3005A53E8 /* ScheduleTableCell.swift in Sources */ = {isa = PBXBuildFile; fileRef = F476025A2E3CD1E3005A53E8 /* ScheduleTableCell.swift */; };
		F476025D2E3CD205005A53E8 /* ScheduleViewController.swift in Sources */ = {isa = PBXBuildFile; fileRef = F476025C2E3CD205005A53E8 /* ScheduleViewController.swift */; };
		F47602612E3CD2F6005A53E8 /* ConfigureUIProtocol.swift in Sources */ = {isa = PBXBuildFile; fileRef = F47602602E3CD2F6005A53E8 /* ConfigureUIProtocol.swift */; };
		F47602632E3CD33B005A53E8 /* ButtonsCell.swift in Sources */ = {isa = PBXBuildFile; fileRef = F47602622E3CD33B005A53E8 /* ButtonsCell.swift */; };
		F47602652E3CD3AB005A53E8 /* ButtonTableViewCell.swift in Sources */ = {isa = PBXBuildFile; fileRef = F47602642E3CD3AB005A53E8 /* ButtonTableViewCell.swift */; };
		F476026B2E3CD3EB005A53E8 /* NameTrackerCell.swift in Sources */ = {isa = PBXBuildFile; fileRef = F476026A2E3CD3EB005A53E8 /* NameTrackerCell.swift */; };
		F476026D2E3CD45F005A53E8 /* CreationTrackerViewController.swift in Sources */ = {isa = PBXBuildFile; fileRef = F476026C2E3CD45F005A53E8 /* CreationTrackerViewController.swift */; };
		F476026F2E3CD48D005A53E8 /* NewEventCreationViewController.swift in Sources */ = {isa = PBXBuildFile; fileRef = F476026E2E3CD48D005A53E8 /* NewEventCreationViewController.swift */; };
		F47602712E3CD4AE005A53E8 /* NewHabitCreationViewController.swift in Sources */ = {isa = PBXBuildFile; fileRef = F47602702E3CD4AE005A53E8 /* NewHabitCreationViewController.swift */; };
		F47602752E3CD4E5005A53E8 /* TrackerCreationDelegate.swift in Sources */ = {isa = PBXBuildFile; fileRef = F47602742E3CD4E5005A53E8 /* TrackerCreationDelegate.swift */; };
		F47602792E3CD531005A53E8 /* HeaderCollectionReusableView.swift in Sources */ = {isa = PBXBuildFile; fileRef = F47602782E3CD531005A53E8 /* HeaderCollectionReusableView.swift */; };
		F476027B2E3CD54B005A53E8 /* TrackerCollectionViewCell.swift in Sources */ = {isa = PBXBuildFile; fileRef = F476027A2E3CD54B005A53E8 /* TrackerCollectionViewCell.swift */; };
		F476027D2E3CD561005A53E8 /* TrackerCounterDelegate.swift in Sources */ = {isa = PBXBuildFile; fileRef = F476027C2E3CD561005A53E8 /* TrackerCounterDelegate.swift */; };
		F47602AB2E48C638005A53E8 /* NewTrackerViewController.swift in Sources */ = {isa = PBXBuildFile; fileRef = F47602AA2E48C638005A53E8 /* NewTrackerViewController.swift */; };
		F47602B52E4A7238005A53E8 /* TrackerModel.swift in Sources */ = {isa = PBXBuildFile; fileRef = F47602B42E4A7238005A53E8 /* TrackerModel.swift */; };
		F47602B72E4A7244005A53E8 /* TrackerViewController+UICollectionViewDataSource.swift in Sources */ = {isa = PBXBuildFile; fileRef = F47602B62E4A7244005A53E8 /* TrackerViewController+UICollectionViewDataSource.swift */; };
		F47602B92E4A7250005A53E8 /* TrackerViewController+UICollectionViewFlowDelegateLayout.swift in Sources */ = {isa = PBXBuildFile; fileRef = F47602B82E4A7250005A53E8 /* TrackerViewController+UICollectionViewFlowDelegateLayout.swift */; };
		F47602BB2E4A7267005A53E8 /* TrackerViewController.swift in Sources */ = {isa = PBXBuildFile; fileRef = F47602BA2E4A7267005A53E8 /* TrackerViewController.swift */; };
		F47602BD2E4B3F3E005A53E8 /* TrackerSampleData.swift in Sources */ = {isa = PBXBuildFile; fileRef = F47602BC2E4B3F3E005A53E8 /* TrackerSampleData.swift */; };
		F47602C22E50A5F9005A53E8 /* CreationTrackerDataSource.swift in Sources */ = {isa = PBXBuildFile; fileRef = F47602C12E50A5F9005A53E8 /* CreationTrackerDataSource.swift */; };
		F47602C42E50A63C005A53E8 /* CreationTrackerDelegate.swift in Sources */ = {isa = PBXBuildFile; fileRef = F47602C32E50A63C005A53E8 /* CreationTrackerDelegate.swift */; };
		F47602C62E50A734005A53E8 /* ColorCell.swift in Sources */ = {isa = PBXBuildFile; fileRef = F47602C52E50A734005A53E8 /* ColorCell.swift */; };
		F47602C82E50A74C005A53E8 /* EmojiCell.swift in Sources */ = {isa = PBXBuildFile; fileRef = F47602C72E50A74C005A53E8 /* EmojiCell.swift */; };
/* End PBXBuildFile section */

/* Begin PBXFileReference section */
		F476021C2E379E2D005A53E8 /* Tracker.app */ = {isa = PBXFileReference; explicitFileType = wrapper.application; includeInIndex = 0; path = Tracker.app; sourceTree = BUILT_PRODUCTS_DIR; };
		F476021F2E379E2D005A53E8 /* AppDelegate.swift */ = {isa = PBXFileReference; lastKnownFileType = sourcecode.swift; path = AppDelegate.swift; sourceTree = "<group>"; };
		F47602212E379E2D005A53E8 /* SceneDelegate.swift */ = {isa = PBXFileReference; lastKnownFileType = sourcecode.swift; path = SceneDelegate.swift; sourceTree = "<group>"; };
		F47602232E379E2D005A53E8 /* TabBarController.swift */ = {isa = PBXFileReference; lastKnownFileType = sourcecode.swift; path = TabBarController.swift; sourceTree = "<group>"; };
		F47602282E379E30005A53E8 /* Assets.xcassets */ = {isa = PBXFileReference; lastKnownFileType = folder.assetcatalog; path = Assets.xcassets; sourceTree = "<group>"; };
		F476022B2E379E30005A53E8 /* Base */ = {isa = PBXFileReference; lastKnownFileType = file.storyboard; name = Base; path = Base.lproj/LaunchScreen.storyboard; sourceTree = "<group>"; };
		F476022D2E379E30005A53E8 /* Info.plist */ = {isa = PBXFileReference; lastKnownFileType = text.plist.xml; path = Info.plist; sourceTree = "<group>"; };
		F476023A2E37A6B6005A53E8 /* StatisticsViewController.swift */ = {isa = PBXFileReference; lastKnownFileType = sourcecode.swift; path = StatisticsViewController.swift; sourceTree = "<group>"; };
		F476023D2E37B4D8005A53E8 /* Tracker.swift */ = {isa = PBXFileReference; lastKnownFileType = sourcecode.swift; path = Tracker.swift; sourceTree = "<group>"; };
		F476023F2E37B4E5005A53E8 /* TrackerCategory.swift */ = {isa = PBXFileReference; lastKnownFileType = sourcecode.swift; path = TrackerCategory.swift; sourceTree = "<group>"; };
		F47602412E37B4EE005A53E8 /* TrackerRecord.swift */ = {isa = PBXFileReference; lastKnownFileType = sourcecode.swift; path = TrackerRecord.swift; sourceTree = "<group>"; };
		F47602432E37B4F7005A53E8 /* Weekdays.swift */ = {isa = PBXFileReference; lastKnownFileType = sourcecode.swift; path = Weekdays.swift; sourceTree = "<group>"; };
		F476024C2E3BA350005A53E8 /* Date+Extensions.swift */ = {isa = PBXFileReference; lastKnownFileType = sourcecode.swift; path = "Date+Extensions.swift"; sourceTree = "<group>"; };
		F476024F2E3CCBD0005A53E8 /* UIColor+Extensions.swift */ = {isa = PBXFileReference; lastKnownFileType = sourcecode.swift; path = "UIColor+Extensions.swift"; sourceTree = "<group>"; };
		F47602512E3CCDE6005A53E8 /* UITextField+Extensions.swift */ = {isa = PBXFileReference; lastKnownFileType = sourcecode.swift; path = "UITextField+Extensions.swift"; sourceTree = "<group>"; };
		F47602532E3CCED5005A53E8 /* TrackerInfoCell.swift */ = {isa = PBXFileReference; lastKnownFileType = sourcecode.swift; path = TrackerInfoCell.swift; sourceTree = "<group>"; };
		F47602552E3CD187005A53E8 /* PlaceHolderView.swift */ = {isa = PBXFileReference; lastKnownFileType = sourcecode.swift; path = PlaceHolderView.swift; sourceTree = "<group>"; };
		F47602582E3CD1CE005A53E8 /* ScheduleProtocol.swift */ = {isa = PBXFileReference; lastKnownFileType = sourcecode.swift; path = ScheduleProtocol.swift; sourceTree = "<group>"; };
		F476025A2E3CD1E3005A53E8 /* ScheduleTableCell.swift */ = {isa = PBXFileReference; lastKnownFileType = sourcecode.swift; path = ScheduleTableCell.swift; sourceTree = "<group>"; };
		F476025C2E3CD205005A53E8 /* ScheduleViewController.swift */ = {isa = PBXFileReference; lastKnownFileType = sourcecode.swift; path = ScheduleViewController.swift; sourceTree = "<group>"; };
		F47602602E3CD2F6005A53E8 /* ConfigureUIProtocol.swift */ = {isa = PBXFileReference; lastKnownFileType = sourcecode.swift; path = ConfigureUIProtocol.swift; sourceTree = "<group>"; };
		F47602622E3CD33B005A53E8 /* ButtonsCell.swift */ = {isa = PBXFileReference; lastKnownFileType = sourcecode.swift; path = ButtonsCell.swift; sourceTree = "<group>"; };
		F47602642E3CD3AB005A53E8 /* ButtonTableViewCell.swift */ = {isa = PBXFileReference; lastKnownFileType = sourcecode.swift; path = ButtonTableViewCell.swift; sourceTree = "<group>"; };
		F476026A2E3CD3EB005A53E8 /* NameTrackerCell.swift */ = {isa = PBXFileReference; lastKnownFileType = sourcecode.swift; path = NameTrackerCell.swift; sourceTree = "<group>"; };
		F476026C2E3CD45F005A53E8 /* CreationTrackerViewController.swift */ = {isa = PBXFileReference; lastKnownFileType = sourcecode.swift; path = CreationTrackerViewController.swift; sourceTree = "<group>"; };
		F476026E2E3CD48D005A53E8 /* NewEventCreationViewController.swift */ = {isa = PBXFileReference; lastKnownFileType = sourcecode.swift; path = NewEventCreationViewController.swift; sourceTree = "<group>"; };
		F47602702E3CD4AE005A53E8 /* NewHabitCreationViewController.swift */ = {isa = PBXFileReference; lastKnownFileType = sourcecode.swift; path = NewHabitCreationViewController.swift; sourceTree = "<group>"; };
		F47602742E3CD4E5005A53E8 /* TrackerCreationDelegate.swift */ = {isa = PBXFileReference; lastKnownFileType = sourcecode.swift; path = TrackerCreationDelegate.swift; sourceTree = "<group>"; };
		F47602782E3CD531005A53E8 /* HeaderCollectionReusableView.swift */ = {isa = PBXFileReference; lastKnownFileType = sourcecode.swift; path = HeaderCollectionReusableView.swift; sourceTree = "<group>"; };
		F476027A2E3CD54B005A53E8 /* TrackerCollectionViewCell.swift */ = {isa = PBXFileReference; lastKnownFileType = sourcecode.swift; path = TrackerCollectionViewCell.swift; sourceTree = "<group>"; };
		F476027C2E3CD561005A53E8 /* TrackerCounterDelegate.swift */ = {isa = PBXFileReference; lastKnownFileType = sourcecode.swift; path = TrackerCounterDelegate.swift; sourceTree = "<group>"; };
		F47602AA2E48C638005A53E8 /* NewTrackerViewController.swift */ = {isa = PBXFileReference; lastKnownFileType = sourcecode.swift; path = NewTrackerViewController.swift; sourceTree = "<group>"; };
		F47602B42E4A7238005A53E8 /* TrackerModel.swift */ = {isa = PBXFileReference; lastKnownFileType = sourcecode.swift; path = TrackerModel.swift; sourceTree = "<group>"; };
		F47602B62E4A7244005A53E8 /* TrackerViewController+UICollectionViewDataSource.swift */ = {isa = PBXFileReference; lastKnownFileType = sourcecode.swift; path = "TrackerViewController+UICollectionViewDataSource.swift"; sourceTree = "<group>"; };
		F47602B82E4A7250005A53E8 /* TrackerViewController+UICollectionViewFlowDelegateLayout.swift */ = {isa = PBXFileReference; lastKnownFileType = sourcecode.swift; path = "TrackerViewController+UICollectionViewFlowDelegateLayout.swift"; sourceTree = "<group>"; };
		F47602BA2E4A7267005A53E8 /* TrackerViewController.swift */ = {isa = PBXFileReference; lastKnownFileType = sourcecode.swift; path = TrackerViewController.swift; sourceTree = "<group>"; };
		F47602BC2E4B3F3E005A53E8 /* TrackerSampleData.swift */ = {isa = PBXFileReference; lastKnownFileType = sourcecode.swift; path = TrackerSampleData.swift; sourceTree = "<group>"; };
		F47602C12E50A5F9005A53E8 /* CreationTrackerDataSource.swift */ = {isa = PBXFileReference; lastKnownFileType = sourcecode.swift; path = CreationTrackerDataSource.swift; sourceTree = "<group>"; };
		F47602C32E50A63C005A53E8 /* CreationTrackerDelegate.swift */ = {isa = PBXFileReference; lastKnownFileType = sourcecode.swift; path = CreationTrackerDelegate.swift; sourceTree = "<group>"; };
		F47602C52E50A734005A53E8 /* ColorCell.swift */ = {isa = PBXFileReference; lastKnownFileType = sourcecode.swift; path = ColorCell.swift; sourceTree = "<group>"; };
		F47602C72E50A74C005A53E8 /* EmojiCell.swift */ = {isa = PBXFileReference; lastKnownFileType = sourcecode.swift; path = EmojiCell.swift; sourceTree = "<group>"; };
/* End PBXFileReference section */

/* Begin PBXFrameworksBuildPhase section */
		F47602192E379E2D005A53E8 /* Frameworks */ = {
			isa = PBXFrameworksBuildPhase;
			buildActionMask = 2147483647;
			files = (
			);
			runOnlyForDeploymentPostprocessing = 0;
		};
/* End PBXFrameworksBuildPhase section */

/* Begin PBXGroup section */
		F47602132E379E2D005A53E8 = {
			isa = PBXGroup;
			children = (
				F47602B32E4A7221005A53E8 /* SampleData */,
				F476021E2E379E2D005A53E8 /* Tracker */,
				F476021D2E379E2D005A53E8 /* Products */,
			);
			sourceTree = "<group>";
		};
		F476021D2E379E2D005A53E8 /* Products */ = {
			isa = PBXGroup;
			children = (
				F476021C2E379E2D005A53E8 /* Tracker.app */,
			);
			name = Products;
			sourceTree = "<group>";
		};
		F476021E2E379E2D005A53E8 /* Tracker */ = {
			isa = PBXGroup;
			children = (
				F476021F2E379E2D005A53E8 /* AppDelegate.swift */,
				F476024E2E3CCB58005A53E8 /* Helpers */,
				F476023C2E37B4CC005A53E8 /* Models */,
				F47602552E3CD187005A53E8 /* PlaceHolderView.swift */,
				F47602572E3CD1B8005A53E8 /* Schedule */,
				F476023A2E37A6B6005A53E8 /* StatisticsViewController.swift */,
				F47602212E379E2D005A53E8 /* SceneDelegate.swift */,
				F47602232E379E2D005A53E8 /* TabBarController.swift */,
				F476025E2E3CD2C4005A53E8 /* TrackerCreate */,
				F47602772E3CD509005A53E8 /* TrackerViewController */,
				F47602282E379E30005A53E8 /* Assets.xcassets */,
				F476022A2E379E30005A53E8 /* LaunchScreen.storyboard */,
				F476022D2E379E30005A53E8 /* Info.plist */,
				F476024C2E3BA350005A53E8 /* Date+Extensions.swift */,
			);
			path = Tracker;
			sourceTree = "<group>";
		};
		F476023C2E37B4CC005A53E8 /* Models */ = {
			isa = PBXGroup;
			children = (
				F47602B42E4A7238005A53E8 /* TrackerModel.swift */,
				F476023D2E37B4D8005A53E8 /* Tracker.swift */,
				F47602BE2E4B458A005A53E8 /* Protocols */,
				F476023F2E37B4E5005A53E8 /* TrackerCategory.swift */,
				F47602532E3CCED5005A53E8 /* TrackerInfoCell.swift */,
				F47602412E37B4EE005A53E8 /* TrackerRecord.swift */,
				F47602432E37B4F7005A53E8 /* Weekdays.swift */,
			);
			path = Models;
			sourceTree = "<group>";
		};
		F476024E2E3CCB58005A53E8 /* Helpers */ = {
			isa = PBXGroup;
			children = (
				F476024F2E3CCBD0005A53E8 /* UIColor+Extensions.swift */,
				F47602512E3CCDE6005A53E8 /* UITextField+Extensions.swift */,
			);
			path = Helpers;
			sourceTree = "<group>";
		};
		F47602572E3CD1B8005A53E8 /* Schedule */ = {
			isa = PBXGroup;
			children = (
				F47602582E3CD1CE005A53E8 /* ScheduleProtocol.swift */,
				F476025A2E3CD1E3005A53E8 /* ScheduleTableCell.swift */,
				F476025C2E3CD205005A53E8 /* ScheduleViewController.swift */,
			);
			path = Schedule;
			sourceTree = "<group>";
		};
		F476025E2E3CD2C4005A53E8 /* TrackerCreate */ = {
			isa = PBXGroup;
			children = (
				F476025F2E3CD2DF005A53E8 /* Cells */,
				F47602602E3CD2F6005A53E8 /* ConfigureUIProtocol.swift */,
				F476026C2E3CD45F005A53E8 /* CreationTrackerViewController.swift */,
				F47602C12E50A5F9005A53E8 /* CreationTrackerDataSource.swift */,
				F47602C32E50A63C005A53E8 /* CreationTrackerDelegate.swift */,
				F476026E2E3CD48D005A53E8 /* NewEventCreationViewController.swift */,
				F47602702E3CD4AE005A53E8 /* NewHabitCreationViewController.swift */,
				F47602742E3CD4E5005A53E8 /* TrackerCreationDelegate.swift */,
				F47602AA2E48C638005A53E8 /* NewTrackerViewController.swift */,
			);
			path = TrackerCreate;
			sourceTree = "<group>";
		};
		F476025F2E3CD2DF005A53E8 /* Cells */ = {
			isa = PBXGroup;
			children = (
				F47602622E3CD33B005A53E8 /* ButtonsCell.swift */,
				F47602C52E50A734005A53E8 /* ColorCell.swift */,
				F47602C72E50A74C005A53E8 /* EmojiCell.swift */,
				F47602642E3CD3AB005A53E8 /* ButtonTableViewCell.swift */,
				F476026A2E3CD3EB005A53E8 /* NameTrackerCell.swift */,
			);
			path = Cells;
			sourceTree = "<group>";
		};
		F47602772E3CD509005A53E8 /* TrackerViewController */ = {
			isa = PBXGroup;
			children = (
				F47602782E3CD531005A53E8 /* HeaderCollectionReusableView.swift */,
				F476027A2E3CD54B005A53E8 /* TrackerCollectionViewCell.swift */,
				F47602BA2E4A7267005A53E8 /* TrackerViewController.swift */,
				F47602B62E4A7244005A53E8 /* TrackerViewController+UICollectionViewDataSource.swift */,
				F47602B82E4A7250005A53E8 /* TrackerViewController+UICollectionViewFlowDelegateLayout.swift */,
			);
			path = TrackerViewController;
			sourceTree = "<group>";
		};
		F47602B32E4A7221005A53E8 /* SampleData */ = {
			isa = PBXGroup;
			children = (
				F47602BC2E4B3F3E005A53E8 /* TrackerSampleData.swift */,
			);
			path = SampleData;
			sourceTree = "<group>";
		};
		F47602BE2E4B458A005A53E8 /* Protocols */ = {
			isa = PBXGroup;
			children = (
				F476027C2E3CD561005A53E8 /* TrackerCounterDelegate.swift */,
			);
			path = Protocols;
			sourceTree = "<group>";
		};
/* End PBXGroup section */

/* Begin PBXNativeTarget section */
		F476021B2E379E2D005A53E8 /* Tracker */ = {
			isa = PBXNativeTarget;
			buildConfigurationList = F47602302E379E30005A53E8 /* Build configuration list for PBXNativeTarget "Tracker" */;
			buildPhases = (
				F47602182E379E2D005A53E8 /* Sources */,
				F47602192E379E2D005A53E8 /* Frameworks */,
				F476021A2E379E2D005A53E8 /* Resources */,
			);
			buildRules = (
			);
			dependencies = (
			);
			name = Tracker;
			productName = Tracker;
			productReference = F476021C2E379E2D005A53E8 /* Tracker.app */;
			productType = "com.apple.product-type.application";
		};
/* End PBXNativeTarget section */

/* Begin PBXProject section */
		F47602142E379E2D005A53E8 /* Project object */ = {
			isa = PBXProject;
			attributes = {
				BuildIndependentTargetsInParallel = 1;
				LastSwiftUpdateCheck = 1520;
				LastUpgradeCheck = 1520;
				TargetAttributes = {
					F476021B2E379E2D005A53E8 = {
						CreatedOnToolsVersion = 15.2;
					};
				};
			};
			buildConfigurationList = F47602172E379E2D005A53E8 /* Build configuration list for PBXProject "Tracker" */;
			compatibilityVersion = "Xcode 14.0";
			developmentRegion = en;
			hasScannedForEncodings = 0;
			knownRegions = (
				en,
				Base,
			);
			mainGroup = F47602132E379E2D005A53E8;
			productRefGroup = F476021D2E379E2D005A53E8 /* Products */;
			projectDirPath = "";
			projectRoot = "";
			targets = (
				F476021B2E379E2D005A53E8 /* Tracker */,
			);
		};
/* End PBXProject section */

/* Begin PBXResourcesBuildPhase section */
		F476021A2E379E2D005A53E8 /* Resources */ = {
			isa = PBXResourcesBuildPhase;
			buildActionMask = 2147483647;
			files = (
				F476022C2E379E30005A53E8 /* LaunchScreen.storyboard in Resources */,
				F47602292E379E30005A53E8 /* Assets.xcassets in Resources */,
			);
			runOnlyForDeploymentPostprocessing = 0;
		};
/* End PBXResourcesBuildPhase section */

/* Begin PBXSourcesBuildPhase section */
		F47602182E379E2D005A53E8 /* Sources */ = {
			isa = PBXSourcesBuildPhase;
			buildActionMask = 2147483647;
			files = (
				F47602BB2E4A7267005A53E8 /* TrackerViewController.swift in Sources */,
				F47602792E3CD531005A53E8 /* HeaderCollectionReusableView.swift in Sources */,
				F47602562E3CD187005A53E8 /* PlaceHolderView.swift in Sources */,
				F47602242E379E2D005A53E8 /* TabBarController.swift in Sources */,
				F47602402E37B4E5005A53E8 /* TrackerCategory.swift in Sources */,
				F476025D2E3CD205005A53E8 /* ScheduleViewController.swift in Sources */,
				F47602612E3CD2F6005A53E8 /* ConfigureUIProtocol.swift in Sources */,
				F47602522E3CCDE6005A53E8 /* UITextField+Extensions.swift in Sources */,
				F476024D2E3BA350005A53E8 /* Date+Extensions.swift in Sources */,
				F476025B2E3CD1E3005A53E8 /* ScheduleTableCell.swift in Sources */,
				F47602C22E50A5F9005A53E8 /* CreationTrackerDataSource.swift in Sources */,
				F476023B2E37A6B6005A53E8 /* StatisticsViewController.swift in Sources */,
				F47602592E3CD1CE005A53E8 /* ScheduleProtocol.swift in Sources */,
				F47602542E3CCED5005A53E8 /* TrackerInfoCell.swift in Sources */,
				F47602C42E50A63C005A53E8 /* CreationTrackerDelegate.swift in Sources */,
				F47602652E3CD3AB005A53E8 /* ButtonTableViewCell.swift in Sources */,
				F47602632E3CD33B005A53E8 /* ButtonsCell.swift in Sources */,
				F476026D2E3CD45F005A53E8 /* CreationTrackerViewController.swift in Sources */,
				F47602AB2E48C638005A53E8 /* NewTrackerViewController.swift in Sources */,
				F47602B72E4A7244005A53E8 /* TrackerViewController+UICollectionViewDataSource.swift in Sources */,
				F476026F2E3CD48D005A53E8 /* NewEventCreationViewController.swift in Sources */,
				F47602B52E4A7238005A53E8 /* TrackerModel.swift in Sources */,
				F47602422E37B4EE005A53E8 /* TrackerRecord.swift in Sources */,
				F476026B2E3CD3EB005A53E8 /* NameTrackerCell.swift in Sources */,
				F47602712E3CD4AE005A53E8 /* NewHabitCreationViewController.swift in Sources */,
				F47602B92E4A7250005A53E8 /* TrackerViewController+UICollectionViewFlowDelegateLayout.swift in Sources */,
				F47602442E37B4F7005A53E8 /* Weekdays.swift in Sources */,
				F47602202E379E2D005A53E8 /* AppDelegate.swift in Sources */,
				F47602502E3CCBD0005A53E8 /* UIColor+Extensions.swift in Sources */,
				F47602C62E50A734005A53E8 /* ColorCell.swift in Sources */,
				F47602BD2E4B3F3E005A53E8 /* TrackerSampleData.swift in Sources */,
				F476027D2E3CD561005A53E8 /* TrackerCounterDelegate.swift in Sources */,
				F47602C82E50A74C005A53E8 /* EmojiCell.swift in Sources */,
				F47602222E379E2D005A53E8 /* SceneDelegate.swift in Sources */,
				F476027B2E3CD54B005A53E8 /* TrackerCollectionViewCell.swift in Sources */,
				F476023E2E37B4D8005A53E8 /* Tracker.swift in Sources */,
				F47602752E3CD4E5005A53E8 /* TrackerCreationDelegate.swift in Sources */,
			);
			runOnlyForDeploymentPostprocessing = 0;
		};
/* End PBXSourcesBuildPhase section */

/* Begin PBXVariantGroup section */
		F476022A2E379E30005A53E8 /* LaunchScreen.storyboard */ = {
			isa = PBXVariantGroup;
			children = (
				F476022B2E379E30005A53E8 /* Base */,
			);
			name = LaunchScreen.storyboard;
			sourceTree = "<group>";
		};
/* End PBXVariantGroup section */

/* Begin XCBuildConfiguration section */
		F476022E2E379E30005A53E8 /* Debug */ = {
			isa = XCBuildConfiguration;
			buildSettings = {
				ALWAYS_SEARCH_USER_PATHS = NO;
				ASSETCATALOG_COMPILER_GENERATE_SWIFT_ASSET_SYMBOL_EXTENSIONS = YES;
				CLANG_ANALYZER_NONNULL = YES;
				CLANG_ANALYZER_NUMBER_OBJECT_CONVERSION = YES_AGGRESSIVE;
				CLANG_CXX_LANGUAGE_STANDARD = "gnu++20";
				CLANG_ENABLE_MODULES = YES;
				CLANG_ENABLE_OBJC_ARC = YES;
				CLANG_ENABLE_OBJC_WEAK = YES;
				CLANG_WARN_BLOCK_CAPTURE_AUTORELEASING = YES;
				CLANG_WARN_BOOL_CONVERSION = YES;
				CLANG_WARN_COMMA = YES;
				CLANG_WARN_CONSTANT_CONVERSION = YES;
				CLANG_WARN_DEPRECATED_OBJC_IMPLEMENTATIONS = YES;
				CLANG_WARN_DIRECT_OBJC_ISA_USAGE = YES_ERROR;
				CLANG_WARN_DOCUMENTATION_COMMENTS = YES;
				CLANG_WARN_EMPTY_BODY = YES;
				CLANG_WARN_ENUM_CONVERSION = YES;
				CLANG_WARN_INFINITE_RECURSION = YES;
				CLANG_WARN_INT_CONVERSION = YES;
				CLANG_WARN_NON_LITERAL_NULL_CONVERSION = YES;
				CLANG_WARN_OBJC_IMPLICIT_RETAIN_SELF = YES;
				CLANG_WARN_OBJC_LITERAL_CONVERSION = YES;
				CLANG_WARN_OBJC_ROOT_CLASS = YES_ERROR;
				CLANG_WARN_QUOTED_INCLUDE_IN_FRAMEWORK_HEADER = YES;
				CLANG_WARN_RANGE_LOOP_ANALYSIS = YES;
				CLANG_WARN_STRICT_PROTOTYPES = YES;
				CLANG_WARN_SUSPICIOUS_MOVE = YES;
				CLANG_WARN_UNGUARDED_AVAILABILITY = YES_AGGRESSIVE;
				CLANG_WARN_UNREACHABLE_CODE = YES;
				CLANG_WARN__DUPLICATE_METHOD_MATCH = YES;
				COPY_PHASE_STRIP = NO;
				DEBUG_INFORMATION_FORMAT = dwarf;
				ENABLE_STRICT_OBJC_MSGSEND = YES;
				ENABLE_TESTABILITY = YES;
				ENABLE_USER_SCRIPT_SANDBOXING = YES;
				GCC_C_LANGUAGE_STANDARD = gnu17;
				GCC_DYNAMIC_NO_PIC = NO;
				GCC_NO_COMMON_BLOCKS = YES;
				GCC_OPTIMIZATION_LEVEL = 0;
				GCC_PREPROCESSOR_DEFINITIONS = (
					"DEBUG=1",
					"$(inherited)",
				);
				GCC_WARN_64_TO_32_BIT_CONVERSION = YES;
				GCC_WARN_ABOUT_RETURN_TYPE = YES_ERROR;
				GCC_WARN_UNDECLARED_SELECTOR = YES;
				GCC_WARN_UNINITIALIZED_AUTOS = YES_AGGRESSIVE;
				GCC_WARN_UNUSED_FUNCTION = YES;
				GCC_WARN_UNUSED_VARIABLE = YES;
				IPHONEOS_DEPLOYMENT_TARGET = 17.2;
				LOCALIZATION_PREFERS_STRING_CATALOGS = YES;
				MTL_ENABLE_DEBUG_INFO = INCLUDE_SOURCE;
				MTL_FAST_MATH = YES;
				ONLY_ACTIVE_ARCH = YES;
				SDKROOT = iphoneos;
				SWIFT_ACTIVE_COMPILATION_CONDITIONS = "DEBUG $(inherited)";
				SWIFT_OPTIMIZATION_LEVEL = "-Onone";
			};
			name = Debug;
		};
		F476022F2E379E30005A53E8 /* Release */ = {
			isa = XCBuildConfiguration;
			buildSettings = {
				ALWAYS_SEARCH_USER_PATHS = NO;
				ASSETCATALOG_COMPILER_GENERATE_SWIFT_ASSET_SYMBOL_EXTENSIONS = YES;
				CLANG_ANALYZER_NONNULL = YES;
				CLANG_ANALYZER_NUMBER_OBJECT_CONVERSION = YES_AGGRESSIVE;
				CLANG_CXX_LANGUAGE_STANDARD = "gnu++20";
				CLANG_ENABLE_MODULES = YES;
				CLANG_ENABLE_OBJC_ARC = YES;
				CLANG_ENABLE_OBJC_WEAK = YES;
				CLANG_WARN_BLOCK_CAPTURE_AUTORELEASING = YES;
				CLANG_WARN_BOOL_CONVERSION = YES;
				CLANG_WARN_COMMA = YES;
				CLANG_WARN_CONSTANT_CONVERSION = YES;
				CLANG_WARN_DEPRECATED_OBJC_IMPLEMENTATIONS = YES;
				CLANG_WARN_DIRECT_OBJC_ISA_USAGE = YES_ERROR;
				CLANG_WARN_DOCUMENTATION_COMMENTS = YES;
				CLANG_WARN_EMPTY_BODY = YES;
				CLANG_WARN_ENUM_CONVERSION = YES;
				CLANG_WARN_INFINITE_RECURSION = YES;
				CLANG_WARN_INT_CONVERSION = YES;
				CLANG_WARN_NON_LITERAL_NULL_CONVERSION = YES;
				CLANG_WARN_OBJC_IMPLICIT_RETAIN_SELF = YES;
				CLANG_WARN_OBJC_LITERAL_CONVERSION = YES;
				CLANG_WARN_OBJC_ROOT_CLASS = YES_ERROR;
				CLANG_WARN_QUOTED_INCLUDE_IN_FRAMEWORK_HEADER = YES;
				CLANG_WARN_RANGE_LOOP_ANALYSIS = YES;
				CLANG_WARN_STRICT_PROTOTYPES = YES;
				CLANG_WARN_SUSPICIOUS_MOVE = YES;
				CLANG_WARN_UNGUARDED_AVAILABILITY = YES_AGGRESSIVE;
				CLANG_WARN_UNREACHABLE_CODE = YES;
				CLANG_WARN__DUPLICATE_METHOD_MATCH = YES;
				COPY_PHASE_STRIP = NO;
				DEBUG_INFORMATION_FORMAT = "dwarf-with-dsym";
				ENABLE_NS_ASSERTIONS = NO;
				ENABLE_STRICT_OBJC_MSGSEND = YES;
				ENABLE_USER_SCRIPT_SANDBOXING = YES;
				GCC_C_LANGUAGE_STANDARD = gnu17;
				GCC_NO_COMMON_BLOCKS = YES;
				GCC_WARN_64_TO_32_BIT_CONVERSION = YES;
				GCC_WARN_ABOUT_RETURN_TYPE = YES_ERROR;
				GCC_WARN_UNDECLARED_SELECTOR = YES;
				GCC_WARN_UNINITIALIZED_AUTOS = YES_AGGRESSIVE;
				GCC_WARN_UNUSED_FUNCTION = YES;
				GCC_WARN_UNUSED_VARIABLE = YES;
				IPHONEOS_DEPLOYMENT_TARGET = 17.2;
				LOCALIZATION_PREFERS_STRING_CATALOGS = YES;
				MTL_ENABLE_DEBUG_INFO = NO;
				MTL_FAST_MATH = YES;
				SDKROOT = iphoneos;
				SWIFT_COMPILATION_MODE = wholemodule;
				VALIDATE_PRODUCT = YES;
			};
			name = Release;
		};
		F47602312E379E30005A53E8 /* Debug */ = {
			isa = XCBuildConfiguration;
			buildSettings = {
				ASSETCATALOG_COMPILER_APPICON_NAME = AppIcon;
				ASSETCATALOG_COMPILER_GLOBAL_ACCENT_COLOR_NAME = AccentColor;
				CODE_SIGN_STYLE = Automatic;
				CURRENT_PROJECT_VERSION = 1;
				DEVELOPMENT_TEAM = 9UXDW47296;
				GENERATE_INFOPLIST_FILE = YES;
				INFOPLIST_FILE = Tracker/Info.plist;
				INFOPLIST_KEY_UIApplicationSupportsIndirectInputEvents = YES;
				INFOPLIST_KEY_UILaunchStoryboardName = LaunchScreen;
				INFOPLIST_KEY_UISupportedInterfaceOrientations = UIInterfaceOrientationPortrait;
				IPHONEOS_DEPLOYMENT_TARGET = 17.0;
				LD_RUNPATH_SEARCH_PATHS = (
					"$(inherited)",
					"@executable_path/Frameworks",
				);
				MARKETING_VERSION = 1.0;
				PRODUCT_BUNDLE_IDENTIFIER = com.damir345.Tracker;
				PRODUCT_NAME = "$(TARGET_NAME)";
				SWIFT_EMIT_LOC_STRINGS = YES;
				SWIFT_VERSION = 5.0;
				TARGETED_DEVICE_FAMILY = "1,2";
			};
			name = Debug;
		};
		F47602322E379E30005A53E8 /* Release */ = {
			isa = XCBuildConfiguration;
			buildSettings = {
				ASSETCATALOG_COMPILER_APPICON_NAME = AppIcon;
				ASSETCATALOG_COMPILER_GLOBAL_ACCENT_COLOR_NAME = AccentColor;
				CODE_SIGN_STYLE = Automatic;
				CURRENT_PROJECT_VERSION = 1;
				DEVELOPMENT_TEAM = 9UXDW47296;
				GENERATE_INFOPLIST_FILE = YES;
				INFOPLIST_FILE = Tracker/Info.plist;
				INFOPLIST_KEY_UIApplicationSupportsIndirectInputEvents = YES;
				INFOPLIST_KEY_UILaunchStoryboardName = LaunchScreen;
				INFOPLIST_KEY_UISupportedInterfaceOrientations = UIInterfaceOrientationPortrait;
				IPHONEOS_DEPLOYMENT_TARGET = 17.0;
				LD_RUNPATH_SEARCH_PATHS = (
					"$(inherited)",
					"@executable_path/Frameworks",
				);
				MARKETING_VERSION = 1.0;
				PRODUCT_BUNDLE_IDENTIFIER = com.damir345.Tracker;
				PRODUCT_NAME = "$(TARGET_NAME)";
				SWIFT_EMIT_LOC_STRINGS = YES;
				SWIFT_VERSION = 5.0;
				TARGETED_DEVICE_FAMILY = "1,2";
			};
			name = Release;
		};
/* End XCBuildConfiguration section */

/* Begin XCConfigurationList section */
		F47602172E379E2D005A53E8 /* Build configuration list for PBXProject "Tracker" */ = {
			isa = XCConfigurationList;
			buildConfigurations = (
				F476022E2E379E30005A53E8 /* Debug */,
				F476022F2E379E30005A53E8 /* Release */,
			);
			defaultConfigurationIsVisible = 0;
			defaultConfigurationName = Release;
		};
		F47602302E379E30005A53E8 /* Build configuration list for PBXNativeTarget "Tracker" */ = {
			isa = XCConfigurationList;
			buildConfigurations = (
				F47602312E379E30005A53E8 /* Debug */,
				F47602322E379E30005A53E8 /* Release */,
			);
			defaultConfigurationIsVisible = 0;
			defaultConfigurationName = Release;
		};
/* End XCConfigurationList section */
	};
	rootObject = F47602142E379E2D005A53E8 /* Project object */;
}
